
Microsoft Visual Studio Solution File, Format Version 12.00
# Visual Studio 15
VisualStudioVersion = 15.0.26403.7
MinimumVisualStudioVersion = 10.0.40219.1
Project("{FAE04EC0-301F-11D3-BF4B-00C04F79EFBC}") = "Broker", "Broker\Broker.csproj", "{8C70E8D4-1FDC-46C2-AEF5-4B5FC7151E26}"
EndProject
Project("{FAE04EC0-301F-11D3-BF4B-00C04F79EFBC}") = "Broker.Model", "Broker.Model\Broker.Model.csproj", "{6BF3694E-A637-4CF9-B14B-1949004539BA}"
EndProject
Global
	GlobalSection(SolutionConfigurationPlatforms) = preSolution
		Debug|Any CPU = Debug|Any CPU
		Release|Any CPU = Release|Any CPU
	EndGlobalSection
	GlobalSection(ProjectConfigurationPlatforms) = postSolution
		{8C70E8D4-1FDC-46C2-AEF5-4B5FC7151E26}.Debug|Any CPU.ActiveCfg = Debug|Any CPU
		{8C70E8D4-1FDC-46C2-AEF5-4B5FC7151E26}.Debug|Any CPU.Build.0 = Debug|Any CPU
		{8C70E8D4-1FDC-46C2-AEF5-4B5FC7151E26}.Release|Any CPU.ActiveCfg = Release|Any CPU
		{8C70E8D4-1FDC-46C2-AEF5-4B5FC7151E26}.Release|Any CPU.Build.0 = Release|Any CPU
		{6BF3694E-A637-4CF9-B14B-1949004539BA}.Debug|Any CPU.ActiveCfg = Debug|Any CPU
		{6BF3694E-A637-4CF9-B14B-1949004539BA}.Debug|Any CPU.Build.0 = Debug|Any CPU
		{6BF3694E-A637-4CF9-B14B-1949004539BA}.Release|Any CPU.ActiveCfg = Release|Any CPU
		{6BF3694E-A637-4CF9-B14B-1949004539BA}.Release|Any CPU.Build.0 = Release|Any CPU
	EndGlobalSection
	GlobalSection(SolutionProperties) = preSolution
		HideSolutionNode = FALSE
	EndGlobalSection
EndGlobal
